
Microsoft Visual Studio Solution File, Format Version 12.00
# Visual Studio Version 17
VisualStudioVersion = 17.12.35527.113 d17.12
MinimumVisualStudioVersion = 10.0.40219.1
Project("{FAE04EC0-301F-11D3-BF4B-00C04F79EFBC}") = "BlazingPizza", "BlazingPizza\BlazingPizza.csproj", "{43CE2EFF-4B3C-454B-8D50-528A9964BEFD}"
EndProject
Global
	GlobalSection(SolutionConfigurationPlatforms) = preSolution
		Debug|Any CPU = Debug|Any CPU
		Release|Any CPU = Release|Any CPU
	EndGlobalSection
	GlobalSection(ProjectConfigurationPlatforms) = postSolution
		{43CE2EFF-4B3C-454B-8D50-528A9964BEFD}.Debug|Any CPU.ActiveCfg = Debug|Any CPU
		{43CE2EFF-4B3C-454B-8D50-528A9964BEFD}.Debug|Any CPU.Build.0 = Debug|Any CPU
		{43CE2EFF-4B3C-454B-8D50-528A9964BEFD}.Release|Any CPU.ActiveCfg = Release|Any CPU
		{43CE2EFF-4B3C-454B-8D50-528A9964BEFD}.Release|Any CPU.Build.0 = Release|Any CPU
	EndGlobalSection
	GlobalSection(SolutionProperties) = preSolution
		HideSolutionNode = FALSE
	EndGlobalSection
EndGlobal
